
Microsoft Visual Studio Solution File, Format Version 12.00
# Visual Studio Version 17
VisualStudioVersion = 17.9.34622.214
MinimumVisualStudioVersion = 10.0.40219.1
Project("{FAE04EC0-301F-11D3-BF4B-00C04F79EFBC}") = "Test", "Test\Test.csproj", "{96F68AA9-FAC4-44F1-AB06-C7B2776501D7}"
EndProject
Global
	GlobalSection(SolutionConfigurationPlatforms) = preSolution
		Debug|Any CPU = Debug|Any CPU
		Release|Any CPU = Release|Any CPU
	EndGlobalSection
	GlobalSection(ProjectConfigurationPlatforms) = postSolution
		{96F68AA9-FAC4-44F1-AB06-C7B2776501D7}.Debug|Any CPU.ActiveCfg = Debug|Any CPU
		{96F68AA9-FAC4-44F1-AB06-C7B2776501D7}.Debug|Any CPU.Build.0 = Debug|Any CPU
		{96F68AA9-FAC4-44F1-AB06-C7B2776501D7}.Release|Any CPU.ActiveCfg = Release|Any CPU
		{96F68AA9-FAC4-44F1-AB06-C7B2776501D7}.Release|Any CPU.Build.0 = Release|Any CPU
	EndGlobalSection
	GlobalSection(SolutionProperties) = preSolution
		HideSolutionNode = FALSE
	EndGlobalSection
	GlobalSection(ExtensibilityGlobals) = postSolution
		SolutionGuid = {EEEEF70B-E3DA-466A-8302-001E415A53C4}
	EndGlobalSection
EndGlobal
