
Microsoft Visual Studio Solution File, Format Version 12.00
# Visual Studio Version 17
VisualStudioVersion = 17.9.34728.123
MinimumVisualStudioVersion = 10.0.40219.1
Project("{FAE04EC0-301F-11D3-BF4B-00C04F79EFBC}") = "7.2C_Iteration_6", "7.2C_Iteration_6\7.2C_Iteration_6.csproj", "{E9E7788C-F54A-4DC8-A1AE-7F1721A92E96}"
EndProject
Project("{FAE04EC0-301F-11D3-BF4B-00C04F79EFBC}") = "7.2C_Iteration_6_Tests", "7.2C_Iteration_6_Tests\7.2C_Iteration_6_Tests.csproj", "{C9CECF67-298A-4EC0-9CEC-C6D3AAE504FE}"
EndProject
Global
	GlobalSection(SolutionConfigurationPlatforms) = preSolution
		Debug|Any CPU = Debug|Any CPU
		Release|Any CPU = Release|Any CPU
	EndGlobalSection
	GlobalSection(ProjectConfigurationPlatforms) = postSolution
		{E9E7788C-F54A-4DC8-A1AE-7F1721A92E96}.Debug|Any CPU.ActiveCfg = Debug|Any CPU
		{E9E7788C-F54A-4DC8-A1AE-7F1721A92E96}.Debug|Any CPU.Build.0 = Debug|Any CPU
		{E9E7788C-F54A-4DC8-A1AE-7F1721A92E96}.Release|Any CPU.ActiveCfg = Release|Any CPU
		{E9E7788C-F54A-4DC8-A1AE-7F1721A92E96}.Release|Any CPU.Build.0 = Release|Any CPU
		{C9CECF67-298A-4EC0-9CEC-C6D3AAE504FE}.Debug|Any CPU.ActiveCfg = Debug|Any CPU
		{C9CECF67-298A-4EC0-9CEC-C6D3AAE504FE}.Debug|Any CPU.Build.0 = Debug|Any CPU
		{C9CECF67-298A-4EC0-9CEC-C6D3AAE504FE}.Release|Any CPU.ActiveCfg = Release|Any CPU
		{C9CECF67-298A-4EC0-9CEC-C6D3AAE504FE}.Release|Any CPU.Build.0 = Release|Any CPU
	EndGlobalSection
	GlobalSection(SolutionProperties) = preSolution
		HideSolutionNode = FALSE
	EndGlobalSection
	GlobalSection(ExtensibilityGlobals) = postSolution
		SolutionGuid = {F7788A87-4597-48CC-B51C-8389FA3D8857}
	EndGlobalSection
EndGlobal
