
Microsoft Visual Studio Solution File, Format Version 12.00
# Visual Studio Version 17
VisualStudioVersion = 17.9.34728.123
MinimumVisualStudioVersion = 10.0.40219.1
Project("{FAE04EC0-301F-11D3-BF4B-00C04F79EFBC}") = "3.3P_Drawing_Program_A_Drawing_Class", "3.3P_Drawing_Program_A_Drawing_Class\3.3P_Drawing_Program_A_Drawing_Class.csproj", "{D85D21E5-93D6-45B2-81BB-A5ABFCDB63FE}"
EndProject
Global
	GlobalSection(SolutionConfigurationPlatforms) = preSolution
		Debug|Any CPU = Debug|Any CPU
		Release|Any CPU = Release|Any CPU
	EndGlobalSection
	GlobalSection(ProjectConfigurationPlatforms) = postSolution
		{D85D21E5-93D6-45B2-81BB-A5ABFCDB63FE}.Debug|Any CPU.ActiveCfg = Debug|Any CPU
		{D85D21E5-93D6-45B2-81BB-A5ABFCDB63FE}.Debug|Any CPU.Build.0 = Debug|Any CPU
		{D85D21E5-93D6-45B2-81BB-A5ABFCDB63FE}.Release|Any CPU.ActiveCfg = Release|Any CPU
		{D85D21E5-93D6-45B2-81BB-A5ABFCDB63FE}.Release|Any CPU.Build.0 = Release|Any CPU
	EndGlobalSection
	GlobalSection(SolutionProperties) = preSolution
		HideSolutionNode = FALSE
	EndGlobalSection
	GlobalSection(ExtensibilityGlobals) = postSolution
		SolutionGuid = {6E4D6B26-5129-4E19-854D-5E2658CB0E99}
	EndGlobalSection
EndGlobal
