
Microsoft Visual Studio Solution File, Format Version 12.00
# Visual Studio Version 17
VisualStudioVersion = 17.9.34622.214
MinimumVisualStudioVersion = 10.0.40219.1
Project("{9A19103F-16F7-4668-BE54-9A1E7A4F7556}") = "5.2P-Iteration-Bags", "5.2P-Iteration-Bags\5.2P-Iteration-Bags.csproj", "{91C442C1-6D3D-4692-A23F-0751F2F75776}"
EndProject
Project("{FAE04EC0-301F-11D3-BF4B-00C04F79EFBC}") = "5.2P-Iteration-Bags_Tests", "5.2P-Iteration-Bags_Tests\5.2P-Iteration-Bags_Tests.csproj", "{354FC352-5483-4332-9179-AE777876E017}"
EndProject
Global
	GlobalSection(SolutionConfigurationPlatforms) = preSolution
		Debug|Any CPU = Debug|Any CPU
		Release|Any CPU = Release|Any CPU
	EndGlobalSection
	GlobalSection(ProjectConfigurationPlatforms) = postSolution
		{91C442C1-6D3D-4692-A23F-0751F2F75776}.Debug|Any CPU.ActiveCfg = Debug|Any CPU
		{91C442C1-6D3D-4692-A23F-0751F2F75776}.Debug|Any CPU.Build.0 = Debug|Any CPU
		{91C442C1-6D3D-4692-A23F-0751F2F75776}.Release|Any CPU.ActiveCfg = Release|Any CPU
		{91C442C1-6D3D-4692-A23F-0751F2F75776}.Release|Any CPU.Build.0 = Release|Any CPU
		{354FC352-5483-4332-9179-AE777876E017}.Debug|Any CPU.ActiveCfg = Debug|Any CPU
		{354FC352-5483-4332-9179-AE777876E017}.Debug|Any CPU.Build.0 = Debug|Any CPU
		{354FC352-5483-4332-9179-AE777876E017}.Release|Any CPU.ActiveCfg = Release|Any CPU
		{354FC352-5483-4332-9179-AE777876E017}.Release|Any CPU.Build.0 = Release|Any CPU
	EndGlobalSection
	GlobalSection(SolutionProperties) = preSolution
		HideSolutionNode = FALSE
	EndGlobalSection
	GlobalSection(ExtensibilityGlobals) = postSolution
		SolutionGuid = {893E4B11-E4D8-49F5-B57D-3F377E467F87}
	EndGlobalSection
EndGlobal
