
Microsoft Visual Studio Solution File, Format Version 12.00
# Visual Studio Version 17
VisualStudioVersion = 17.10.34916.146
MinimumVisualStudioVersion = 10.0.40219.1
Project("{888888A0-9F3D-457C-B088-3A5042F75D52}") = "Clock_In_Python", "Clock_In_Python\Clock_In_Python.pyproj", "{29E629E2-F9B8-4A6E-BF89-C38251860E03}"
EndProject
Global
	GlobalSection(SolutionConfigurationPlatforms) = preSolution
		Debug|Any CPU = Debug|Any CPU
		Release|Any CPU = Release|Any CPU
	EndGlobalSection
	GlobalSection(ProjectConfigurationPlatforms) = postSolution
		{29E629E2-F9B8-4A6E-BF89-C38251860E03}.Debug|Any CPU.ActiveCfg = Debug|Any CPU
		{29E629E2-F9B8-4A6E-BF89-C38251860E03}.Release|Any CPU.ActiveCfg = Release|Any CPU
	EndGlobalSection
	GlobalSection(SolutionProperties) = preSolution
		HideSolutionNode = FALSE
	EndGlobalSection
	GlobalSection(ExtensibilityGlobals) = postSolution
		SolutionGuid = {27F8D94F-6491-4414-B727-41451C891878}
	EndGlobalSection
EndGlobal
