
Microsoft Visual Studio Solution File, Format Version 12.00
# Visual Studio Version 17
VisualStudioVersion = 17.9.34622.214
MinimumVisualStudioVersion = 10.0.40219.1
Project("{FAE04EC0-301F-11D3-BF4B-00C04F79EFBC}") = "10.1C_Iteration_8", "10.1C_Iteration_8\10.1C_Iteration_8.csproj", "{CC42E522-0A22-43D9-8FB8-21F776045F07}"
EndProject
Project("{FAE04EC0-301F-11D3-BF4B-00C04F79EFBC}") = "10.1C_Iteration_8_Tests", "10.1C_Iteration_8_Tests\10.1C_Iteration_8_Tests.csproj", "{5A34EFF9-010E-4BF3-9E70-798774F6A161}"
EndProject
Global
	GlobalSection(SolutionConfigurationPlatforms) = preSolution
		Debug|Any CPU = Debug|Any CPU
		Release|Any CPU = Release|Any CPU
	EndGlobalSection
	GlobalSection(ProjectConfigurationPlatforms) = postSolution
		{CC42E522-0A22-43D9-8FB8-21F776045F07}.Debug|Any CPU.ActiveCfg = Debug|Any CPU
		{CC42E522-0A22-43D9-8FB8-21F776045F07}.Debug|Any CPU.Build.0 = Debug|Any CPU
		{CC42E522-0A22-43D9-8FB8-21F776045F07}.Release|Any CPU.ActiveCfg = Release|Any CPU
		{CC42E522-0A22-43D9-8FB8-21F776045F07}.Release|Any CPU.Build.0 = Release|Any CPU
		{5A34EFF9-010E-4BF3-9E70-798774F6A161}.Debug|Any CPU.ActiveCfg = Debug|Any CPU
		{5A34EFF9-010E-4BF3-9E70-798774F6A161}.Debug|Any CPU.Build.0 = Debug|Any CPU
		{5A34EFF9-010E-4BF3-9E70-798774F6A161}.Release|Any CPU.ActiveCfg = Release|Any CPU
		{5A34EFF9-010E-4BF3-9E70-798774F6A161}.Release|Any CPU.Build.0 = Release|Any CPU
	EndGlobalSection
	GlobalSection(SolutionProperties) = preSolution
		HideSolutionNode = FALSE
	EndGlobalSection
	GlobalSection(ExtensibilityGlobals) = postSolution
		SolutionGuid = {49D8013B-E8E7-4494-8E40-03F1AA7094FC}
	EndGlobalSection
EndGlobal
