
Microsoft Visual Studio Solution File, Format Version 12.00
# Visual Studio Version 17
VisualStudioVersion = 17.9.34728.123
MinimumVisualStudioVersion = 10.0.40219.1
Project("{FAE04EC0-301F-11D3-BF4B-00C04F79EFBC}") = "5.3C_Drawing_Program", "5.3C_Drawing_Program\5.3C_Drawing_Program.csproj", "{B1863CD7-4EDF-4631-B739-5965FD2A2A88}"
EndProject
Global
	GlobalSection(SolutionConfigurationPlatforms) = preSolution
		Debug|Any CPU = Debug|Any CPU
		Release|Any CPU = Release|Any CPU
	EndGlobalSection
	GlobalSection(ProjectConfigurationPlatforms) = postSolution
		{B1863CD7-4EDF-4631-B739-5965FD2A2A88}.Debug|Any CPU.ActiveCfg = Debug|Any CPU
		{B1863CD7-4EDF-4631-B739-5965FD2A2A88}.Debug|Any CPU.Build.0 = Debug|Any CPU
		{B1863CD7-4EDF-4631-B739-5965FD2A2A88}.Release|Any CPU.ActiveCfg = Release|Any CPU
		{B1863CD7-4EDF-4631-B739-5965FD2A2A88}.Release|Any CPU.Build.0 = Release|Any CPU
	EndGlobalSection
	GlobalSection(SolutionProperties) = preSolution
		HideSolutionNode = FALSE
	EndGlobalSection
	GlobalSection(ExtensibilityGlobals) = postSolution
		SolutionGuid = {9DC1B82E-2D0F-48B3-826A-DED3DCDD3B8A}
	EndGlobalSection
EndGlobal
